// !$*UTF8*$!
{
	archiveVersion = 1;
	classes = {
	};
	objectVersion = 56;
	objects = {

/* Begin PBXBuildFile section */
		6DCB368E29D4C83D00ED3DE0 /* spotifycloneApp.swift in Sources */ = {isa = PBXBuildFile; fileRef = 6DCB368D29D4C83D00ED3DE0 /* spotifycloneApp.swift */; };
		6DCB369229D4C84000ED3DE0 /* Assets.xcassets in Resources */ = {isa = PBXBuildFile; fileRef = 6DCB369129D4C84000ED3DE0 /* Assets.xcassets */; };
		6DCB369529D4C84000ED3DE0 /* Preview Assets.xcassets in Resources */ = {isa = PBXBuildFile; fileRef = 6DCB369429D4C84000ED3DE0 /* Preview Assets.xcassets */; };
		6DCB369F29D4C84100ED3DE0 /* spotifycloneTests.swift in Sources */ = {isa = PBXBuildFile; fileRef = 6DCB369E29D4C84100ED3DE0 /* spotifycloneTests.swift */; };
		6DCB36A929D4C84100ED3DE0 /* spotifycloneUITests.swift in Sources */ = {isa = PBXBuildFile; fileRef = 6DCB36A829D4C84100ED3DE0 /* spotifycloneUITests.swift */; };
		6DCB36AB29D4C84100ED3DE0 /* spotifycloneUITestsLaunchTests.swift in Sources */ = {isa = PBXBuildFile; fileRef = 6DCB36AA29D4C84100ED3DE0 /* spotifycloneUITestsLaunchTests.swift */; };
		6DCB36C329D4CB4200ED3DE0 /* HomeView.swift in Sources */ = {isa = PBXBuildFile; fileRef = 6DCB36C229D4CB4200ED3DE0 /* HomeView.swift */; };
		6DCB36C529D4CB8500ED3DE0 /* HomeViewPreview.swift in Sources */ = {isa = PBXBuildFile; fileRef = 6DCB36C429D4CB8500ED3DE0 /* HomeViewPreview.swift */; };
/* End PBXBuildFile section */

/* Begin PBXContainerItemProxy section */
		6DCB369B29D4C84100ED3DE0 /* PBXContainerItemProxy */ = {
			isa = PBXContainerItemProxy;
			containerPortal = 6DCB368229D4C83D00ED3DE0 /* Project object */;
			proxyType = 1;
			remoteGlobalIDString = 6DCB368929D4C83D00ED3DE0;
			remoteInfo = spotifyclone;
		};
		6DCB36A529D4C84100ED3DE0 /* PBXContainerItemProxy */ = {
			isa = PBXContainerItemProxy;
			containerPortal = 6DCB368229D4C83D00ED3DE0 /* Project object */;
			proxyType = 1;
			remoteGlobalIDString = 6DCB368929D4C83D00ED3DE0;
			remoteInfo = spotifyclone;
		};
/* End PBXContainerItemProxy section */

/* Begin PBXFileReference section */
		6DCB368A29D4C83D00ED3DE0 /* spotifyclone.app */ = {isa = PBXFileReference; explicitFileType = wrapper.application; includeInIndex = 0; path = spotifyclone.app; sourceTree = BUILT_PRODUCTS_DIR; };
		6DCB368D29D4C83D00ED3DE0 /* spotifycloneApp.swift */ = {isa = PBXFileReference; lastKnownFileType = sourcecode.swift; path = spotifycloneApp.swift; sourceTree = "<group>"; };
		6DCB369129D4C84000ED3DE0 /* Assets.xcassets */ = {isa = PBXFileReference; lastKnownFileType = folder.assetcatalog; path = Assets.xcassets; sourceTree = "<group>"; };
		6DCB369429D4C84000ED3DE0 /* Preview Assets.xcassets */ = {isa = PBXFileReference; lastKnownFileType = folder.assetcatalog; path = "Preview Assets.xcassets"; sourceTree = "<group>"; };
		6DCB369A29D4C84100ED3DE0 /* spotifycloneTests.xctest */ = {isa = PBXFileReference; explicitFileType = wrapper.cfbundle; includeInIndex = 0; path = spotifycloneTests.xctest; sourceTree = BUILT_PRODUCTS_DIR; };
		6DCB369E29D4C84100ED3DE0 /* spotifycloneTests.swift */ = {isa = PBXFileReference; lastKnownFileType = sourcecode.swift; path = spotifycloneTests.swift; sourceTree = "<group>"; };
		6DCB36A429D4C84100ED3DE0 /* spotifycloneUITests.xctest */ = {isa = PBXFileReference; explicitFileType = wrapper.cfbundle; includeInIndex = 0; path = spotifycloneUITests.xctest; sourceTree = BUILT_PRODUCTS_DIR; };
		6DCB36A829D4C84100ED3DE0 /* spotifycloneUITests.swift */ = {isa = PBXFileReference; lastKnownFileType = sourcecode.swift; path = spotifycloneUITests.swift; sourceTree = "<group>"; };
		6DCB36AA29D4C84100ED3DE0 /* spotifycloneUITestsLaunchTests.swift */ = {isa = PBXFileReference; lastKnownFileType = sourcecode.swift; path = spotifycloneUITestsLaunchTests.swift; sourceTree = "<group>"; };
		6DCB36C229D4CB4200ED3DE0 /* HomeView.swift */ = {isa = PBXFileReference; lastKnownFileType = sourcecode.swift; path = HomeView.swift; sourceTree = "<group>"; };
		6DCB36C429D4CB8500ED3DE0 /* HomeViewPreview.swift */ = {isa = PBXFileReference; lastKnownFileType = sourcecode.swift; path = HomeViewPreview.swift; sourceTree = "<group>"; };
/* End PBXFileReference section */

/* Begin PBXFrameworksBuildPhase section */
		6DCB368729D4C83D00ED3DE0 /* Frameworks */ = {
			isa = PBXFrameworksBuildPhase;
			buildActionMask = 2147483647;
			files = (
			);
			runOnlyForDeploymentPostprocessing = 0;
		};
		6DCB369729D4C84100ED3DE0 /* Frameworks */ = {
			isa = PBXFrameworksBuildPhase;
			buildActionMask = 2147483647;
			files = (
			);
			runOnlyForDeploymentPostprocessing = 0;
		};
		6DCB36A129D4C84100ED3DE0 /* Frameworks */ = {
			isa = PBXFrameworksBuildPhase;
			buildActionMask = 2147483647;
			files = (
			);
			runOnlyForDeploymentPostprocessing = 0;
		};
/* End PBXFrameworksBuildPhase section */

/* Begin PBXGroup section */
		6DCB368129D4C83D00ED3DE0 = {
			isa = PBXGroup;
			children = (
				6DCB368C29D4C83D00ED3DE0 /* spotifyclone */,
				6DCB369D29D4C84100ED3DE0 /* spotifycloneTests */,
				6DCB36A729D4C84100ED3DE0 /* spotifycloneUITests */,
				6DCB368B29D4C83D00ED3DE0 /* Products */,
			);
			sourceTree = "<group>";
		};
		6DCB368B29D4C83D00ED3DE0 /* Products */ = {
			isa = PBXGroup;
			children = (
				6DCB368A29D4C83D00ED3DE0 /* spotifyclone.app */,
				6DCB369A29D4C84100ED3DE0 /* spotifycloneTests.xctest */,
				6DCB36A429D4C84100ED3DE0 /* spotifycloneUITests.xctest */,
			);
			name = Products;
			sourceTree = "<group>";
		};
		6DCB368C29D4C83D00ED3DE0 /* spotifyclone */ = {
			isa = PBXGroup;
			children = (
				6DCB36BF29D4CA8900ED3DE0 /* Helpers */,
				6DCB36BE29D4CA7F00ED3DE0 /* Resources */,
				6DCB36BB29D4CA5800ED3DE0 /* ViewModels */,
				6DCB36BA29D4CA4F00ED3DE0 /* Views */,
				6DCB36B929D4CA3F00ED3DE0 /* Networking */,
				6DCB36B829D4CA3600ED3DE0 /* Models */,
				6DCB36B729D4C9D000ED3DE0 /* App */,
				6DCB369129D4C84000ED3DE0 /* Assets.xcassets */,
				6DCB369329D4C84000ED3DE0 /* Preview Content */,
			);
			path = spotifyclone;
			sourceTree = "<group>";
		};
		6DCB369329D4C84000ED3DE0 /* Preview Content */ = {
			isa = PBXGroup;
			children = (
				6DCB369429D4C84000ED3DE0 /* Preview Assets.xcassets */,
			);
			path = "Preview Content";
			sourceTree = "<group>";
		};
		6DCB369D29D4C84100ED3DE0 /* spotifycloneTests */ = {
			isa = PBXGroup;
			children = (
				6DCB369E29D4C84100ED3DE0 /* spotifycloneTests.swift */,
			);
			path = spotifycloneTests;
			sourceTree = "<group>";
		};
		6DCB36A729D4C84100ED3DE0 /* spotifycloneUITests */ = {
			isa = PBXGroup;
			children = (
				6DCB36A829D4C84100ED3DE0 /* spotifycloneUITests.swift */,
				6DCB36AA29D4C84100ED3DE0 /* spotifycloneUITestsLaunchTests.swift */,
			);
			path = spotifycloneUITests;
			sourceTree = "<group>";
		};
		6DCB36B729D4C9D000ED3DE0 /* App */ = {
			isa = PBXGroup;
			children = (
				6DCB368D29D4C83D00ED3DE0 /* spotifycloneApp.swift */,
			);
			path = App;
			sourceTree = "<group>";
		};
		6DCB36B829D4CA3600ED3DE0 /* Models */ = {
			isa = PBXGroup;
			children = (
			);
			path = Models;
			sourceTree = "<group>";
		};
		6DCB36B929D4CA3F00ED3DE0 /* Networking */ = {
			isa = PBXGroup;
			children = (
			);
			path = Networking;
			sourceTree = "<group>";
		};
		6DCB36BA29D4CA4F00ED3DE0 /* Views */ = {
			isa = PBXGroup;
			children = (
				6DCB36C129D4CB2100ED3DE0 /* Home */,
			);
			path = Views;
			sourceTree = "<group>";
		};
		6DCB36BB29D4CA5800ED3DE0 /* ViewModels */ = {
			isa = PBXGroup;
			children = (
			);
			path = ViewModels;
			sourceTree = "<group>";
		};
		6DCB36BE29D4CA7F00ED3DE0 /* Resources */ = {
			isa = PBXGroup;
			children = (
			);
			path = Resources;
			sourceTree = "<group>";
		};
		6DCB36BF29D4CA8900ED3DE0 /* Helpers */ = {
			isa = PBXGroup;
			children = (
			);
			path = Helpers;
			sourceTree = "<group>";
		};
		6DCB36C129D4CB2100ED3DE0 /* Home */ = {
			isa = PBXGroup;
			children = (
				6DCB36C629D4E14100ED3DE0 /* HomeViews */,
				6DCB36C229D4CB4200ED3DE0 /* HomeView.swift */,
				6DCB36C429D4CB8500ED3DE0 /* HomeViewPreview.swift */,
			);
			path = Home;
			sourceTree = "<group>";
		};
		6DCB36C629D4E14100ED3DE0 /* HomeViews */ = {
			isa = PBXGroup;
			children = (
			);
			path = HomeViews;
			sourceTree = "<group>";
		};
/* End PBXGroup section */

/* Begin PBXNativeTarget section */
		6DCB368929D4C83D00ED3DE0 /* spotifyclone */ = {
			isa = PBXNativeTarget;
			buildConfigurationList = 6DCB36AE29D4C84100ED3DE0 /* Build configuration list for PBXNativeTarget "spotifyclone" */;
			buildPhases = (
				6DCB368629D4C83D00ED3DE0 /* Sources */,
				6DCB368729D4C83D00ED3DE0 /* Frameworks */,
				6DCB368829D4C83D00ED3DE0 /* Resources */,
			);
			buildRules = (
			);
			dependencies = (
			);
			name = spotifyclone;
			productName = spotifyclone;
			productReference = 6DCB368A29D4C83D00ED3DE0 /* spotifyclone.app */;
			productType = "com.apple.product-type.application";
		};
		6DCB369929D4C84100ED3DE0 /* spotifycloneTests */ = {
			isa = PBXNativeTarget;
			buildConfigurationList = 6DCB36B129D4C84100ED3DE0 /* Build configuration list for PBXNativeTarget "spotifycloneTests" */;
			buildPhases = (
				6DCB369629D4C84100ED3DE0 /* Sources */,
				6DCB369729D4C84100ED3DE0 /* Frameworks */,
				6DCB369829D4C84100ED3DE0 /* Resources */,
			);
			buildRules = (
			);
			dependencies = (
				6DCB369C29D4C84100ED3DE0 /* PBXTargetDependency */,
			);
			name = spotifycloneTests;
			productName = spotifycloneTests;
			productReference = 6DCB369A29D4C84100ED3DE0 /* spotifycloneTests.xctest */;
			productType = "com.apple.product-type.bundle.unit-test";
		};
		6DCB36A329D4C84100ED3DE0 /* spotifycloneUITests */ = {
			isa = PBXNativeTarget;
			buildConfigurationList = 6DCB36B429D4C84100ED3DE0 /* Build configuration list for PBXNativeTarget "spotifycloneUITests" */;
			buildPhases = (
				6DCB36A029D4C84100ED3DE0 /* Sources */,
				6DCB36A129D4C84100ED3DE0 /* Frameworks */,
				6DCB36A229D4C84100ED3DE0 /* Resources */,
			);
			buildRules = (
			);
			dependencies = (
				6DCB36A629D4C84100ED3DE0 /* PBXTargetDependency */,
			);
			name = spotifycloneUITests;
			productName = spotifycloneUITests;
			productReference = 6DCB36A429D4C84100ED3DE0 /* spotifycloneUITests.xctest */;
			productType = "com.apple.product-type.bundle.ui-testing";
		};
/* End PBXNativeTarget section */

/* Begin PBXProject section */
		6DCB368229D4C83D00ED3DE0 /* Project object */ = {
			isa = PBXProject;
			attributes = {
				BuildIndependentTargetsInParallel = 1;
				LastSwiftUpdateCheck = 1420;
				LastUpgradeCheck = 1420;
				TargetAttributes = {
					6DCB368929D4C83D00ED3DE0 = {
						CreatedOnToolsVersion = 14.2;
					};
					6DCB369929D4C84100ED3DE0 = {
						CreatedOnToolsVersion = 14.2;
						TestTargetID = 6DCB368929D4C83D00ED3DE0;
					};
					6DCB36A329D4C84100ED3DE0 = {
						CreatedOnToolsVersion = 14.2;
						TestTargetID = 6DCB368929D4C83D00ED3DE0;
					};
				};
			};
			buildConfigurationList = 6DCB368529D4C83D00ED3DE0 /* Build configuration list for PBXProject "spotifyclone" */;
			compatibilityVersion = "Xcode 14.0";
			developmentRegion = en;
			hasScannedForEncodings = 0;
			knownRegions = (
				en,
				Base,
			);
			mainGroup = 6DCB368129D4C83D00ED3DE0;
			productRefGroup = 6DCB368B29D4C83D00ED3DE0 /* Products */;
			projectDirPath = "";
			projectRoot = "";
			targets = (
				6DCB368929D4C83D00ED3DE0 /* spotifyclone */,
				6DCB369929D4C84100ED3DE0 /* spotifycloneTests */,
				6DCB36A329D4C84100ED3DE0 /* spotifycloneUITests */,
			);
		};
/* End PBXProject section */

/* Begin PBXResourcesBuildPhase section */
		6DCB368829D4C83D00ED3DE0 /* Resources */ = {
			isa = PBXResourcesBuildPhase;
			buildActionMask = 2147483647;
			files = (
				6DCB369529D4C84000ED3DE0 /* Preview Assets.xcassets in Resources */,
				6DCB369229D4C84000ED3DE0 /* Assets.xcassets in Resources */,
			);
			runOnlyForDeploymentPostprocessing = 0;
		};
		6DCB369829D4C84100ED3DE0 /* Resources */ = {
			isa = PBXResourcesBuildPhase;
			buildActionMask = 2147483647;
			files = (
			);
			runOnlyForDeploymentPostprocessing = 0;
		};
		6DCB36A229D4C84100ED3DE0 /* Resources */ = {
			isa = PBXResourcesBuildPhase;
			buildActionMask = 2147483647;
			files = (
			);
			runOnlyForDeploymentPostprocessing = 0;
		};
/* End PBXResourcesBuildPhase section */

/* Begin PBXSourcesBuildPhase section */
		6DCB368629D4C83D00ED3DE0 /* Sources */ = {
			isa = PBXSourcesBuildPhase;
			buildActionMask = 2147483647;
			files = (
				6DCB36C329D4CB4200ED3DE0 /* HomeView.swift in Sources */,
				6DCB36C529D4CB8500ED3DE0 /* HomeViewPreview.swift in Sources */,
				6DCB368E29D4C83D00ED3DE0 /* spotifycloneApp.swift in Sources */,
			);
			runOnlyForDeploymentPostprocessing = 0;
		};
		6DCB369629D4C84100ED3DE0 /* Sources */ = {
			isa = PBXSourcesBuildPhase;
			buildActionMask = 2147483647;
			files = (
				6DCB369F29D4C84100ED3DE0 /* spotifycloneTests.swift in Sources */,
			);
			runOnlyForDeploymentPostprocessing = 0;
		};
		6DCB36A029D4C84100ED3DE0 /* Sources */ = {
			isa = PBXSourcesBuildPhase;
			buildActionMask = 2147483647;
			files = (
				6DCB36A929D4C84100ED3DE0 /* spotifycloneUITests.swift in Sources */,
				6DCB36AB29D4C84100ED3DE0 /* spotifycloneUITestsLaunchTests.swift in Sources */,
			);
			runOnlyForDeploymentPostprocessing = 0;
		};
/* End PBXSourcesBuildPhase section */

/* Begin PBXTargetDependency section */
		6DCB369C29D4C84100ED3DE0 /* PBXTargetDependency */ = {
			isa = PBXTargetDependency;
			target = 6DCB368929D4C83D00ED3DE0 /* spotifyclone */;
			targetProxy = 6DCB369B29D4C84100ED3DE0 /* PBXContainerItemProxy */;
		};
		6DCB36A629D4C84100ED3DE0 /* PBXTargetDependency */ = {
			isa = PBXTargetDependency;
			target = 6DCB368929D4C83D00ED3DE0 /* spotifyclone */;
			targetProxy = 6DCB36A529D4C84100ED3DE0 /* PBXContainerItemProxy */;
		};
/* End PBXTargetDependency section */

/* Begin XCBuildConfiguration section */
		6DCB36AC29D4C84100ED3DE0 /* Debug */ = {
			isa = XCBuildConfiguration;
			buildSettings = {
				ALWAYS_SEARCH_USER_PATHS = NO;
				CLANG_ANALYZER_NONNULL = YES;
				CLANG_ANALYZER_NUMBER_OBJECT_CONVERSION = YES_AGGRESSIVE;
				CLANG_CXX_LANGUAGE_STANDARD = "gnu++20";
				CLANG_ENABLE_MODULES = YES;
				CLANG_ENABLE_OBJC_ARC = YES;
				CLANG_ENABLE_OBJC_WEAK = YES;
				CLANG_WARN_BLOCK_CAPTURE_AUTORELEASING = YES;
				CLANG_WARN_BOOL_CONVERSION = YES;
				CLANG_WARN_COMMA = YES;
				CLANG_WARN_CONSTANT_CONVERSION = YES;
				CLANG_WARN_DEPRECATED_OBJC_IMPLEMENTATIONS = YES;
				CLANG_WARN_DIRECT_OBJC_ISA_USAGE = YES_ERROR;
				CLANG_WARN_DOCUMENTATION_COMMENTS = YES;
				CLANG_WARN_EMPTY_BODY = YES;
				CLANG_WARN_ENUM_CONVERSION = YES;
				CLANG_WARN_INFINITE_RECURSION = YES;
				CLANG_WARN_INT_CONVERSION = YES;
				CLANG_WARN_NON_LITERAL_NULL_CONVERSION = YES;
				CLANG_WARN_OBJC_IMPLICIT_RETAIN_SELF = YES;
				CLANG_WARN_OBJC_LITERAL_CONVERSION = YES;
				CLANG_WARN_OBJC_ROOT_CLASS = YES_ERROR;
				CLANG_WARN_QUOTED_INCLUDE_IN_FRAMEWORK_HEADER = YES;
				CLANG_WARN_RANGE_LOOP_ANALYSIS = YES;
				CLANG_WARN_STRICT_PROTOTYPES = YES;
				CLANG_WARN_SUSPICIOUS_MOVE = YES;
				CLANG_WARN_UNGUARDED_AVAILABILITY = YES_AGGRESSIVE;
				CLANG_WARN_UNREACHABLE_CODE = YES;
				CLANG_WARN__DUPLICATE_METHOD_MATCH = YES;
				COPY_PHASE_STRIP = NO;
				DEBUG_INFORMATION_FORMAT = dwarf;
				ENABLE_STRICT_OBJC_MSGSEND = YES;
				ENABLE_TESTABILITY = YES;
				GCC_C_LANGUAGE_STANDARD = gnu11;
				GCC_DYNAMIC_NO_PIC = NO;
				GCC_NO_COMMON_BLOCKS = YES;
				GCC_OPTIMIZATION_LEVEL = 0;
				GCC_PREPROCESSOR_DEFINITIONS = (
					"DEBUG=1",
					"$(inherited)",
				);
				GCC_WARN_64_TO_32_BIT_CONVERSION = YES;
				GCC_WARN_ABOUT_RETURN_TYPE = YES_ERROR;
				GCC_WARN_UNDECLARED_SELECTOR = YES;
				GCC_WARN_UNINITIALIZED_AUTOS = YES_AGGRESSIVE;
				GCC_WARN_UNUSED_FUNCTION = YES;
				GCC_WARN_UNUSED_VARIABLE = YES;
				IPHONEOS_DEPLOYMENT_TARGET = 16.2;
				MTL_ENABLE_DEBUG_INFO = INCLUDE_SOURCE;
				MTL_FAST_MATH = YES;
				ONLY_ACTIVE_ARCH = YES;
				SDKROOT = iphoneos;
				SWIFT_ACTIVE_COMPILATION_CONDITIONS = DEBUG;
				SWIFT_OPTIMIZATION_LEVEL = "-Onone";
			};
			name = Debug;
		};
		6DCB36AD29D4C84100ED3DE0 /* Release */ = {
			isa = XCBuildConfiguration;
			buildSettings = {
				ALWAYS_SEARCH_USER_PATHS = NO;
				CLANG_ANALYZER_NONNULL = YES;
				CLANG_ANALYZER_NUMBER_OBJECT_CONVERSION = YES_AGGRESSIVE;
				CLANG_CXX_LANGUAGE_STANDARD = "gnu++20";
				CLANG_ENABLE_MODULES = YES;
				CLANG_ENABLE_OBJC_ARC = YES;
				CLANG_ENABLE_OBJC_WEAK = YES;
				CLANG_WARN_BLOCK_CAPTURE_AUTORELEASING = YES;
				CLANG_WARN_BOOL_CONVERSION = YES;
				CLANG_WARN_COMMA = YES;
				CLANG_WARN_CONSTANT_CONVERSION = YES;
				CLANG_WARN_DEPRECATED_OBJC_IMPLEMENTATIONS = YES;
				CLANG_WARN_DIRECT_OBJC_ISA_USAGE = YES_ERROR;
				CLANG_WARN_DOCUMENTATION_COMMENTS = YES;
				CLANG_WARN_EMPTY_BODY = YES;
				CLANG_WARN_ENUM_CONVERSION = YES;
				CLANG_WARN_INFINITE_RECURSION = YES;
				CLANG_WARN_INT_CONVERSION = YES;
				CLANG_WARN_NON_LITERAL_NULL_CONVERSION = YES;
				CLANG_WARN_OBJC_IMPLICIT_RETAIN_SELF = YES;
				CLANG_WARN_OBJC_LITERAL_CONVERSION = YES;
				CLANG_WARN_OBJC_ROOT_CLASS = YES_ERROR;
				CLANG_WARN_QUOTED_INCLUDE_IN_FRAMEWORK_HEADER = YES;
				CLANG_WARN_RANGE_LOOP_ANALYSIS = YES;
				CLANG_WARN_STRICT_PROTOTYPES = YES;
				CLANG_WARN_SUSPICIOUS_MOVE = YES;
				CLANG_WARN_UNGUARDED_AVAILABILITY = YES_AGGRESSIVE;
				CLANG_WARN_UNREACHABLE_CODE = YES;
				CLANG_WARN__DUPLICATE_METHOD_MATCH = YES;
				COPY_PHASE_STRIP = NO;
				DEBUG_INFORMATION_FORMAT = "dwarf-with-dsym";
				ENABLE_NS_ASSERTIONS = NO;
				ENABLE_STRICT_OBJC_MSGSEND = YES;
				GCC_C_LANGUAGE_STANDARD = gnu11;
				GCC_NO_COMMON_BLOCKS = YES;
				GCC_WARN_64_TO_32_BIT_CONVERSION = YES;
				GCC_WARN_ABOUT_RETURN_TYPE = YES_ERROR;
				GCC_WARN_UNDECLARED_SELECTOR = YES;
				GCC_WARN_UNINITIALIZED_AUTOS = YES_AGGRESSIVE;
				GCC_WARN_UNUSED_FUNCTION = YES;
				GCC_WARN_UNUSED_VARIABLE = YES;
				IPHONEOS_DEPLOYMENT_TARGET = 16.2;
				MTL_ENABLE_DEBUG_INFO = NO;
				MTL_FAST_MATH = YES;
				SDKROOT = iphoneos;
				SWIFT_COMPILATION_MODE = wholemodule;
				SWIFT_OPTIMIZATION_LEVEL = "-O";
				VALIDATE_PRODUCT = YES;
			};
			name = Release;
		};
		6DCB36AF29D4C84100ED3DE0 /* Debug */ = {
			isa = XCBuildConfiguration;
			buildSettings = {
				ASSETCATALOG_COMPILER_APPICON_NAME = AppIcon;
				ASSETCATALOG_COMPILER_GLOBAL_ACCENT_COLOR_NAME = AccentColor;
				CODE_SIGN_STYLE = Automatic;
				CURRENT_PROJECT_VERSION = 1;
				DEVELOPMENT_ASSET_PATHS = "\"spotifyclone/Preview Content\"";
				ENABLE_PREVIEWS = YES;
				GENERATE_INFOPLIST_FILE = YES;
				INFOPLIST_KEY_UIApplicationSceneManifest_Generation = YES;
				INFOPLIST_KEY_UIApplicationSupportsIndirectInputEvents = YES;
				INFOPLIST_KEY_UILaunchScreen_Generation = YES;
				INFOPLIST_KEY_UISupportedInterfaceOrientations_iPad = "UIInterfaceOrientationPortrait UIInterfaceOrientationPortraitUpsideDown UIInterfaceOrientationLandscapeLeft UIInterfaceOrientationLandscapeRight";
				INFOPLIST_KEY_UISupportedInterfaceOrientations_iPhone = "UIInterfaceOrientationPortrait UIInterfaceOrientationLandscapeLeft UIInterfaceOrientationLandscapeRight";
				LD_RUNPATH_SEARCH_PATHS = (
					"$(inherited)",
					"@executable_path/Frameworks",
				);
				MARKETING_VERSION = 1.0;
				PRODUCT_BUNDLE_IDENTIFIER = com.spotifyclone;
				PRODUCT_NAME = "$(TARGET_NAME)";
				SWIFT_EMIT_LOC_STRINGS = YES;
				SWIFT_VERSION = 5.0;
				TARGETED_DEVICE_FAMILY = "1,2";
			};
			name = Debug;
		};
		6DCB36B029D4C84100ED3DE0 /* Release */ = {
			isa = XCBuildConfiguration;
			buildSettings = {
				ASSETCATALOG_COMPILER_APPICON_NAME = AppIcon;
				ASSETCATALOG_COMPILER_GLOBAL_ACCENT_COLOR_NAME = AccentColor;
				CODE_SIGN_STYLE = Automatic;
				CURRENT_PROJECT_VERSION = 1;
				DEVELOPMENT_ASSET_PATHS = "\"spotifyclone/Preview Content\"";
				ENABLE_PREVIEWS = YES;
				GENERATE_INFOPLIST_FILE = YES;
				INFOPLIST_KEY_UIApplicationSceneManifest_Generation = YES;
				INFOPLIST_KEY_UIApplicationSupportsIndirectInputEvents = YES;
				INFOPLIST_KEY_UILaunchScreen_Generation = YES;
				INFOPLIST_KEY_UISupportedInterfaceOrientations_iPad = "UIInterfaceOrientationPortrait UIInterfaceOrientationPortraitUpsideDown UIInterfaceOrientationLandscapeLeft UIInterfaceOrientationLandscapeRight";
				INFOPLIST_KEY_UISupportedInterfaceOrientations_iPhone = "UIInterfaceOrientationPortrait UIInterfaceOrientationLandscapeLeft UIInterfaceOrientationLandscapeRight";
				LD_RUNPATH_SEARCH_PATHS = (
					"$(inherited)",
					"@executable_path/Frameworks",
				);
				MARKETING_VERSION = 1.0;
				PRODUCT_BUNDLE_IDENTIFIER = com.spotifyclone;
				PRODUCT_NAME = "$(TARGET_NAME)";
				SWIFT_EMIT_LOC_STRINGS = YES;
				SWIFT_VERSION = 5.0;
				TARGETED_DEVICE_FAMILY = "1,2";
			};
			name = Release;
		};
		6DCB36B229D4C84100ED3DE0 /* Debug */ = {
			isa = XCBuildConfiguration;
			buildSettings = {
				ALWAYS_EMBED_SWIFT_STANDARD_LIBRARIES = YES;
				BUNDLE_LOADER = "$(TEST_HOST)";
				CODE_SIGN_STYLE = Automatic;
				CURRENT_PROJECT_VERSION = 1;
				GENERATE_INFOPLIST_FILE = YES;
				IPHONEOS_DEPLOYMENT_TARGET = 16.2;
				MARKETING_VERSION = 1.0;
				PRODUCT_BUNDLE_IDENTIFIER = com.spotifycloneTests;
				PRODUCT_NAME = "$(TARGET_NAME)";
				SWIFT_EMIT_LOC_STRINGS = NO;
				SWIFT_VERSION = 5.0;
				TARGETED_DEVICE_FAMILY = "1,2";
				TEST_HOST = "$(BUILT_PRODUCTS_DIR)/spotifyclone.app/$(BUNDLE_EXECUTABLE_FOLDER_PATH)/spotifyclone";
			};
			name = Debug;
		};
		6DCB36B329D4C84100ED3DE0 /* Release */ = {
			isa = XCBuildConfiguration;
			buildSettings = {
				ALWAYS_EMBED_SWIFT_STANDARD_LIBRARIES = YES;
				BUNDLE_LOADER = "$(TEST_HOST)";
				CODE_SIGN_STYLE = Automatic;
				CURRENT_PROJECT_VERSION = 1;
				GENERATE_INFOPLIST_FILE = YES;
				IPHONEOS_DEPLOYMENT_TARGET = 16.2;
				MARKETING_VERSION = 1.0;
				PRODUCT_BUNDLE_IDENTIFIER = com.spotifycloneTests;
				PRODUCT_NAME = "$(TARGET_NAME)";
				SWIFT_EMIT_LOC_STRINGS = NO;
				SWIFT_VERSION = 5.0;
				TARGETED_DEVICE_FAMILY = "1,2";
				TEST_HOST = "$(BUILT_PRODUCTS_DIR)/spotifyclone.app/$(BUNDLE_EXECUTABLE_FOLDER_PATH)/spotifyclone";
			};
			name = Release;
		};
		6DCB36B529D4C84100ED3DE0 /* Debug */ = {
			isa = XCBuildConfiguration;
			buildSettings = {
				ALWAYS_EMBED_SWIFT_STANDARD_LIBRARIES = YES;
				CODE_SIGN_STYLE = Automatic;
				CURRENT_PROJECT_VERSION = 1;
				GENERATE_INFOPLIST_FILE = YES;
				MARKETING_VERSION = 1.0;
				PRODUCT_BUNDLE_IDENTIFIER = com.spotifycloneUITests;
				PRODUCT_NAME = "$(TARGET_NAME)";
				SWIFT_EMIT_LOC_STRINGS = NO;
				SWIFT_VERSION = 5.0;
				TARGETED_DEVICE_FAMILY = "1,2";
				TEST_TARGET_NAME = spotifyclone;
			};
			name = Debug;
		};
		6DCB36B629D4C84100ED3DE0 /* Release */ = {
			isa = XCBuildConfiguration;
			buildSettings = {
				ALWAYS_EMBED_SWIFT_STANDARD_LIBRARIES = YES;
				CODE_SIGN_STYLE = Automatic;
				CURRENT_PROJECT_VERSION = 1;
				GENERATE_INFOPLIST_FILE = YES;
				MARKETING_VERSION = 1.0;
				PRODUCT_BUNDLE_IDENTIFIER = com.spotifycloneUITests;
				PRODUCT_NAME = "$(TARGET_NAME)";
				SWIFT_EMIT_LOC_STRINGS = NO;
				SWIFT_VERSION = 5.0;
				TARGETED_DEVICE_FAMILY = "1,2";
				TEST_TARGET_NAME = spotifyclone;
			};
			name = Release;
		};
/* End XCBuildConfiguration section */

/* Begin XCConfigurationList section */
		6DCB368529D4C83D00ED3DE0 /* Build configuration list for PBXProject "spotifyclone" */ = {
			isa = XCConfigurationList;
			buildConfigurations = (
				6DCB36AC29D4C84100ED3DE0 /* Debug */,
				6DCB36AD29D4C84100ED3DE0 /* Release */,
			);
			defaultConfigurationIsVisible = 0;
			defaultConfigurationName = Release;
		};
		6DCB36AE29D4C84100ED3DE0 /* Build configuration list for PBXNativeTarget "spotifyclone" */ = {
			isa = XCConfigurationList;
			buildConfigurations = (
				6DCB36AF29D4C84100ED3DE0 /* Debug */,
				6DCB36B029D4C84100ED3DE0 /* Release */,
			);
			defaultConfigurationIsVisible = 0;
			defaultConfigurationName = Release;
		};
		6DCB36B129D4C84100ED3DE0 /* Build configuration list for PBXNativeTarget "spotifycloneTests" */ = {
			isa = XCConfigurationList;
			buildConfigurations = (
				6DCB36B229D4C84100ED3DE0 /* Debug */,
				6DCB36B329D4C84100ED3DE0 /* Release */,
			);
			defaultConfigurationIsVisible = 0;
			defaultConfigurationName = Release;
		};
		6DCB36B429D4C84100ED3DE0 /* Build configuration list for PBXNativeTarget "spotifycloneUITests" */ = {
			isa = XCConfigurationList;
			buildConfigurations = (
				6DCB36B529D4C84100ED3DE0 /* Debug */,
				6DCB36B629D4C84100ED3DE0 /* Release */,
			);
			defaultConfigurationIsVisible = 0;
			defaultConfigurationName = Release;
		};
/* End XCConfigurationList section */
	};
	rootObject = 6DCB368229D4C83D00ED3DE0 /* Project object */;
}
